
Microsoft Visual Studio Solution File, Format Version 12.00
# Visual Studio Version 16
VisualStudioVersion = 16.0.30104.148
MinimumVisualStudioVersion = 10.0.40219.1
Project("{9A19103F-16F7-4668-BE54-9A1E7A4F7556}") = "WebAPICaching", "WebAPICaching\WebAPICaching.csproj", "{3D0198A0-F74D-44AA-86B4-13AF4692F265}"
EndProject
Project("{FAE04EC0-301F-11D3-BF4B-00C04F79EFBC}") = "WebAPICachingNet", "WebAPICachingNet\WebAPICachingNet.csproj", "{70CC4DA9-F7E0-4D02-8A23-964736CA8E5E}"
EndProject
Global
	GlobalSection(SolutionConfigurationPlatforms) = preSolution
		Debug|Any CPU = Debug|Any CPU
		Release|Any CPU = Release|Any CPU
	EndGlobalSection
	GlobalSection(ProjectConfigurationPlatforms) = postSolution
		{3D0198A0-F74D-44AA-86B4-13AF4692F265}.Debug|Any CPU.ActiveCfg = Debug|Any CPU
		{3D0198A0-F74D-44AA-86B4-13AF4692F265}.Debug|Any CPU.Build.0 = Debug|Any CPU
		{3D0198A0-F74D-44AA-86B4-13AF4692F265}.Release|Any CPU.ActiveCfg = Release|Any CPU
		{3D0198A0-F74D-44AA-86B4-13AF4692F265}.Release|Any CPU.Build.0 = Release|Any CPU
		{70CC4DA9-F7E0-4D02-8A23-964736CA8E5E}.Debug|Any CPU.ActiveCfg = Debug|Any CPU
		{70CC4DA9-F7E0-4D02-8A23-964736CA8E5E}.Debug|Any CPU.Build.0 = Debug|Any CPU
		{70CC4DA9-F7E0-4D02-8A23-964736CA8E5E}.Release|Any CPU.ActiveCfg = Release|Any CPU
		{70CC4DA9-F7E0-4D02-8A23-964736CA8E5E}.Release|Any CPU.Build.0 = Release|Any CPU
	EndGlobalSection
	GlobalSection(SolutionProperties) = preSolution
		HideSolutionNode = FALSE
	EndGlobalSection
	GlobalSection(ExtensibilityGlobals) = postSolution
		SolutionGuid = {4463B514-BDEF-4FA0-92DF-C73FC401CED0}
	EndGlobalSection
EndGlobal
